
Microsoft Visual Studio Solution File, Format Version 12.00
Project("{FAE04EC0-301F-11D3-BF4B-00C04F79EFBC}") = "Audit.Domain", "examples\ddd\pure\src\Audit.Domain\Audit.Domain.csproj", "{2A6F6F9E-7FFF-49E2-9293-1A617DC23637}"
EndProject
Project("{FAE04EC0-301F-11D3-BF4B-00C04F79EFBC}") = "Audit.Infrastructure", "examples\ddd\pure\src\Audit.Infrastructure\Audit.Infrastructure.csproj", "{4B1BFB18-D528-44D7-8723-80A71C3F6DB5}"
EndProject
Project("{2150E333-8FDC-42A3-9474-1A3956D46DE8}") = "examples", "examples", "{71E54171-0814-4F23-82DD-6016924088D6}"
EndProject
Project("{2150E333-8FDC-42A3-9474-1A3956D46DE8}") = "src", "src", "{FBE25B3A-84A8-4D90-8CD0-3062D4566B46}"
EndProject
Project("{2150E333-8FDC-42A3-9474-1A3956D46DE8}") = "ddd", "ddd", "{F28EADBF-B220-40A1-A400-0EF5AE0EFF8D}"
EndProject
Project("{2150E333-8FDC-42A3-9474-1A3956D46DE8}") = "pure", "pure", "{4E75BA10-9FFC-4810-9E16-0F00DE95CCFD}"
EndProject
Project("{2150E333-8FDC-42A3-9474-1A3956D46DE8}") = "test", "test", "{3A5E4C1C-6F4C-4CEA-B619-9441B1F549ED}"
EndProject
Project("{FAE04EC0-301F-11D3-BF4B-00C04F79EFBC}") = "Audit.Domain.Tests.Unit", "examples\ddd\pure\test\Audit.Domain.Tests.Unit\Audit.Domain.Tests.Unit.csproj", "{03E74CDE-6FA6-4E1B-8B0A-F1A991D7B202}"
EndProject
Project("{FAE04EC0-301F-11D3-BF4B-00C04F79EFBC}") = "Audit.Domain.Abstraction", "examples\ddd\pure\src\Audit.Domain.Abstraction\Audit.Domain.Abstraction.csproj", "{D09B238D-1DB4-45C0-8440-7BCF20F9CA0F}"
EndProject
Project("{FAE04EC0-301F-11D3-BF4B-00C04F79EFBC}") = "Audit.Tool", "examples\ddd\pure\src\Audit.Tool\Audit.Tool.csproj", "{5B6FDF94-7577-4B19-A19B-4C0D38ED716F}"
EndProject
Project("{2150E333-8FDC-42A3-9474-1A3956D46DE8}") = "infrastructure", "infrastructure", "{C35EA553-2E4B-4D02-8BB5-0311E7862912}"
EndProject
Project("{2150E333-8FDC-42A3-9474-1A3956D46DE8}") = "ef", "ef", "{718325B3-C9AF-47D8-B6B8-523A7911BA88}"
EndProject
Project("{2150E333-8FDC-42A3-9474-1A3956D46DE8}") = "src", "src", "{6A1935A2-2038-4FCA-959E-3C640997EBEC}"
EndProject
Project("{FAE04EC0-301F-11D3-BF4B-00C04F79EFBC}") = "Audit.Domain", "examples\infrastructure\ef\src\Audit.Domain\Audit.Domain.csproj", "{6AEB9852-8337-4B5D-AAF0-AA6945284472}"
EndProject
Project("{FAE04EC0-301F-11D3-BF4B-00C04F79EFBC}") = "Audit.Infrastructure", "examples\infrastructure\ef\src\Audit.Infrastructure\Audit.Infrastructure.csproj", "{F6528F25-DA6D-4A61-8D89-378B141E2727}"
EndProject
Project("{2150E333-8FDC-42A3-9474-1A3956D46DE8}") = "test", "test", "{4F8F1304-992E-4F5A-B5F1-C0E69FB3C8D7}"
EndProject
Project("{FAE04EC0-301F-11D3-BF4B-00C04F79EFBC}") = "Audit.Infrastructure.Tests.Integration", "examples\infrastructure\ef\test\Audit.Infrastructure.Tests.Integration\Audit.Infrastructure.Tests.Integration.csproj", "{D683355A-1A2A-4897-AE3D-65968DE44DB6}"
EndProject
Project("{FAE04EC0-301F-11D3-BF4B-00C04F79EFBC}") = "Audit.Domain.Abstraction", "examples\infrastructure\ef\src\Audit.Domain.Abstraction\Audit.Domain.Abstraction.csproj", "{410AC00F-32C5-41D3-BC63-68436E72FF01}"
EndProject
Project("{FAE04EC0-301F-11D3-BF4B-00C04F79EFBC}") = "Audit.Api", "examples\infrastructure\ef\src\Audit.Api\Audit.Api.csproj", "{A4BDBE8C-A78B-421E-855C-56C1D628980B}"
EndProject
Project("{FAE04EC0-301F-11D3-BF4B-00C04F79EFBC}") = "Audit.Application", "examples\infrastructure\ef\src\Audit.Application\Audit.Application.csproj", "{8625A30C-ABAA-4F30-B75D-A0978236F022}"
EndProject
Project("{2150E333-8FDC-42A3-9474-1A3956D46DE8}") = "docker", "docker", "{EB78F99E-308D-42F5-9FC5-8532BC0D8D4A}"
	ProjectSection(SolutionItems) = preProject
		docker\docker-compose.yml = docker\docker-compose.yml
	EndProjectSection
EndProject
Project("{2150E333-8FDC-42A3-9474-1A3956D46DE8}") = "settings", "settings", "{653D5371-BB81-440C-A1B0-0AFA7223E98F}"
	ProjectSection(SolutionItems) = preProject
		Audit.sln.DotSettings = Audit.sln.DotSettings
	EndProjectSection
EndProject
Project("{2150E333-8FDC-42A3-9474-1A3956D46DE8}") = "messaging", "messaging", "{6787796A-9B2F-40E9-A360-A8CAC51C1B9A}"
EndProject
Project("{2150E333-8FDC-42A3-9474-1A3956D46DE8}") = "unit-of-work", "unit-of-work", "{93740793-20E1-416D-8D52-87EE2BC4DC06}"
EndProject
Project("{2150E333-8FDC-42A3-9474-1A3956D46DE8}") = "src", "src", "{FBB34883-B52E-4AC7-971F-8BFEAC34A319}"
EndProject
Project("{FAE04EC0-301F-11D3-BF4B-00C04F79EFBC}") = "Audit.Domain", "examples\messaging\unit-of-work\src\Audit.Domain\Audit.Domain.csproj", "{9B228944-22AD-4B32-A0AE-6E83709738EC}"
EndProject
Project("{FAE04EC0-301F-11D3-BF4B-00C04F79EFBC}") = "Audit.Application", "examples\messaging\unit-of-work\src\Audit.Application\Audit.Application.csproj", "{095056D7-02D7-4F15-9D97-EBAF9585731D}"
EndProject
Project("{FAE04EC0-301F-11D3-BF4B-00C04F79EFBC}") = "Audit.Infrastructure", "examples\messaging\unit-of-work\src\Audit.Infrastructure\Audit.Infrastructure.csproj", "{AF75F7F5-D642-434B-85B3-C4A8642C02D3}"
EndProject
Global
	GlobalSection(SolutionConfigurationPlatforms) = preSolution
		Debug|Any CPU = Debug|Any CPU
		Release|Any CPU = Release|Any CPU
	EndGlobalSection
	GlobalSection(ProjectConfigurationPlatforms) = postSolution
		{2A6F6F9E-7FFF-49E2-9293-1A617DC23637}.Debug|Any CPU.ActiveCfg = Debug|Any CPU
		{2A6F6F9E-7FFF-49E2-9293-1A617DC23637}.Debug|Any CPU.Build.0 = Debug|Any CPU
		{2A6F6F9E-7FFF-49E2-9293-1A617DC23637}.Release|Any CPU.ActiveCfg = Release|Any CPU
		{2A6F6F9E-7FFF-49E2-9293-1A617DC23637}.Release|Any CPU.Build.0 = Release|Any CPU
		{4B1BFB18-D528-44D7-8723-80A71C3F6DB5}.Debug|Any CPU.ActiveCfg = Debug|Any CPU
		{4B1BFB18-D528-44D7-8723-80A71C3F6DB5}.Debug|Any CPU.Build.0 = Debug|Any CPU
		{4B1BFB18-D528-44D7-8723-80A71C3F6DB5}.Release|Any CPU.ActiveCfg = Release|Any CPU
		{4B1BFB18-D528-44D7-8723-80A71C3F6DB5}.Release|Any CPU.Build.0 = Release|Any CPU
		{03E74CDE-6FA6-4E1B-8B0A-F1A991D7B202}.Debug|Any CPU.ActiveCfg = Debug|Any CPU
		{03E74CDE-6FA6-4E1B-8B0A-F1A991D7B202}.Debug|Any CPU.Build.0 = Debug|Any CPU
		{03E74CDE-6FA6-4E1B-8B0A-F1A991D7B202}.Release|Any CPU.ActiveCfg = Release|Any CPU
		{03E74CDE-6FA6-4E1B-8B0A-F1A991D7B202}.Release|Any CPU.Build.0 = Release|Any CPU
		{D09B238D-1DB4-45C0-8440-7BCF20F9CA0F}.Debug|Any CPU.ActiveCfg = Debug|Any CPU
		{D09B238D-1DB4-45C0-8440-7BCF20F9CA0F}.Debug|Any CPU.Build.0 = Debug|Any CPU
		{D09B238D-1DB4-45C0-8440-7BCF20F9CA0F}.Release|Any CPU.ActiveCfg = Release|Any CPU
		{D09B238D-1DB4-45C0-8440-7BCF20F9CA0F}.Release|Any CPU.Build.0 = Release|Any CPU
		{5B6FDF94-7577-4B19-A19B-4C0D38ED716F}.Debug|Any CPU.ActiveCfg = Debug|Any CPU
		{5B6FDF94-7577-4B19-A19B-4C0D38ED716F}.Debug|Any CPU.Build.0 = Debug|Any CPU
		{5B6FDF94-7577-4B19-A19B-4C0D38ED716F}.Release|Any CPU.ActiveCfg = Release|Any CPU
		{5B6FDF94-7577-4B19-A19B-4C0D38ED716F}.Release|Any CPU.Build.0 = Release|Any CPU
		{6AEB9852-8337-4B5D-AAF0-AA6945284472}.Debug|Any CPU.ActiveCfg = Debug|Any CPU
		{6AEB9852-8337-4B5D-AAF0-AA6945284472}.Debug|Any CPU.Build.0 = Debug|Any CPU
		{6AEB9852-8337-4B5D-AAF0-AA6945284472}.Release|Any CPU.ActiveCfg = Release|Any CPU
		{6AEB9852-8337-4B5D-AAF0-AA6945284472}.Release|Any CPU.Build.0 = Release|Any CPU
		{F6528F25-DA6D-4A61-8D89-378B141E2727}.Debug|Any CPU.ActiveCfg = Debug|Any CPU
		{F6528F25-DA6D-4A61-8D89-378B141E2727}.Debug|Any CPU.Build.0 = Debug|Any CPU
		{F6528F25-DA6D-4A61-8D89-378B141E2727}.Release|Any CPU.ActiveCfg = Release|Any CPU
		{F6528F25-DA6D-4A61-8D89-378B141E2727}.Release|Any CPU.Build.0 = Release|Any CPU
		{D683355A-1A2A-4897-AE3D-65968DE44DB6}.Debug|Any CPU.ActiveCfg = Debug|Any CPU
		{D683355A-1A2A-4897-AE3D-65968DE44DB6}.Debug|Any CPU.Build.0 = Debug|Any CPU
		{D683355A-1A2A-4897-AE3D-65968DE44DB6}.Release|Any CPU.ActiveCfg = Release|Any CPU
		{D683355A-1A2A-4897-AE3D-65968DE44DB6}.Release|Any CPU.Build.0 = Release|Any CPU
		{410AC00F-32C5-41D3-BC63-68436E72FF01}.Debug|Any CPU.ActiveCfg = Debug|Any CPU
		{410AC00F-32C5-41D3-BC63-68436E72FF01}.Debug|Any CPU.Build.0 = Debug|Any CPU
		{410AC00F-32C5-41D3-BC63-68436E72FF01}.Release|Any CPU.ActiveCfg = Release|Any CPU
		{410AC00F-32C5-41D3-BC63-68436E72FF01}.Release|Any CPU.Build.0 = Release|Any CPU
		{A4BDBE8C-A78B-421E-855C-56C1D628980B}.Debug|Any CPU.ActiveCfg = Debug|Any CPU
		{A4BDBE8C-A78B-421E-855C-56C1D628980B}.Debug|Any CPU.Build.0 = Debug|Any CPU
		{A4BDBE8C-A78B-421E-855C-56C1D628980B}.Release|Any CPU.ActiveCfg = Release|Any CPU
		{A4BDBE8C-A78B-421E-855C-56C1D628980B}.Release|Any CPU.Build.0 = Release|Any CPU
		{8625A30C-ABAA-4F30-B75D-A0978236F022}.Debug|Any CPU.ActiveCfg = Debug|Any CPU
		{8625A30C-ABAA-4F30-B75D-A0978236F022}.Debug|Any CPU.Build.0 = Debug|Any CPU
		{8625A30C-ABAA-4F30-B75D-A0978236F022}.Release|Any CPU.ActiveCfg = Release|Any CPU
		{8625A30C-ABAA-4F30-B75D-A0978236F022}.Release|Any CPU.Build.0 = Release|Any CPU
		{9B228944-22AD-4B32-A0AE-6E83709738EC}.Debug|Any CPU.ActiveCfg = Debug|Any CPU
		{9B228944-22AD-4B32-A0AE-6E83709738EC}.Debug|Any CPU.Build.0 = Debug|Any CPU
		{9B228944-22AD-4B32-A0AE-6E83709738EC}.Release|Any CPU.ActiveCfg = Release|Any CPU
		{9B228944-22AD-4B32-A0AE-6E83709738EC}.Release|Any CPU.Build.0 = Release|Any CPU
		{095056D7-02D7-4F15-9D97-EBAF9585731D}.Debug|Any CPU.ActiveCfg = Debug|Any CPU
		{095056D7-02D7-4F15-9D97-EBAF9585731D}.Debug|Any CPU.Build.0 = Debug|Any CPU
		{095056D7-02D7-4F15-9D97-EBAF9585731D}.Release|Any CPU.ActiveCfg = Release|Any CPU
		{095056D7-02D7-4F15-9D97-EBAF9585731D}.Release|Any CPU.Build.0 = Release|Any CPU
		{AF75F7F5-D642-434B-85B3-C4A8642C02D3}.Debug|Any CPU.ActiveCfg = Debug|Any CPU
		{AF75F7F5-D642-434B-85B3-C4A8642C02D3}.Debug|Any CPU.Build.0 = Debug|Any CPU
		{AF75F7F5-D642-434B-85B3-C4A8642C02D3}.Release|Any CPU.ActiveCfg = Release|Any CPU
		{AF75F7F5-D642-434B-85B3-C4A8642C02D3}.Release|Any CPU.Build.0 = Release|Any CPU
	EndGlobalSection
	GlobalSection(NestedProjects) = preSolution
		{2A6F6F9E-7FFF-49E2-9293-1A617DC23637} = {FBE25B3A-84A8-4D90-8CD0-3062D4566B46}
		{4B1BFB18-D528-44D7-8723-80A71C3F6DB5} = {FBE25B3A-84A8-4D90-8CD0-3062D4566B46}
		{F28EADBF-B220-40A1-A400-0EF5AE0EFF8D} = {71E54171-0814-4F23-82DD-6016924088D6}
		{4E75BA10-9FFC-4810-9E16-0F00DE95CCFD} = {F28EADBF-B220-40A1-A400-0EF5AE0EFF8D}
		{FBE25B3A-84A8-4D90-8CD0-3062D4566B46} = {4E75BA10-9FFC-4810-9E16-0F00DE95CCFD}
		{3A5E4C1C-6F4C-4CEA-B619-9441B1F549ED} = {4E75BA10-9FFC-4810-9E16-0F00DE95CCFD}
		{03E74CDE-6FA6-4E1B-8B0A-F1A991D7B202} = {3A5E4C1C-6F4C-4CEA-B619-9441B1F549ED}
		{D09B238D-1DB4-45C0-8440-7BCF20F9CA0F} = {FBE25B3A-84A8-4D90-8CD0-3062D4566B46}
		{5B6FDF94-7577-4B19-A19B-4C0D38ED716F} = {FBE25B3A-84A8-4D90-8CD0-3062D4566B46}
		{C35EA553-2E4B-4D02-8BB5-0311E7862912} = {71E54171-0814-4F23-82DD-6016924088D6}
		{718325B3-C9AF-47D8-B6B8-523A7911BA88} = {C35EA553-2E4B-4D02-8BB5-0311E7862912}
		{6A1935A2-2038-4FCA-959E-3C640997EBEC} = {718325B3-C9AF-47D8-B6B8-523A7911BA88}
		{6AEB9852-8337-4B5D-AAF0-AA6945284472} = {6A1935A2-2038-4FCA-959E-3C640997EBEC}
		{F6528F25-DA6D-4A61-8D89-378B141E2727} = {6A1935A2-2038-4FCA-959E-3C640997EBEC}
		{4F8F1304-992E-4F5A-B5F1-C0E69FB3C8D7} = {718325B3-C9AF-47D8-B6B8-523A7911BA88}
		{D683355A-1A2A-4897-AE3D-65968DE44DB6} = {4F8F1304-992E-4F5A-B5F1-C0E69FB3C8D7}
		{410AC00F-32C5-41D3-BC63-68436E72FF01} = {6A1935A2-2038-4FCA-959E-3C640997EBEC}
		{A4BDBE8C-A78B-421E-855C-56C1D628980B} = {6A1935A2-2038-4FCA-959E-3C640997EBEC}
		{8625A30C-ABAA-4F30-B75D-A0978236F022} = {6A1935A2-2038-4FCA-959E-3C640997EBEC}
		{6787796A-9B2F-40E9-A360-A8CAC51C1B9A} = {71E54171-0814-4F23-82DD-6016924088D6}
		{93740793-20E1-416D-8D52-87EE2BC4DC06} = {6787796A-9B2F-40E9-A360-A8CAC51C1B9A}
		{FBB34883-B52E-4AC7-971F-8BFEAC34A319} = {93740793-20E1-416D-8D52-87EE2BC4DC06}
		{9B228944-22AD-4B32-A0AE-6E83709738EC} = {FBB34883-B52E-4AC7-971F-8BFEAC34A319}
		{095056D7-02D7-4F15-9D97-EBAF9585731D} = {FBB34883-B52E-4AC7-971F-8BFEAC34A319}
		{AF75F7F5-D642-434B-85B3-C4A8642C02D3} = {FBB34883-B52E-4AC7-971F-8BFEAC34A319}
	EndGlobalSection
EndGlobal
